{
    "hash": "bed7b3aa44311b7647d83b0c967711bf",
    "packages": [
        {
            "name": "imagine/Imagine",
            "version": "v0.4.1",
            "source": {
                "type": "git",
                "url": "https://github.com/avalanche123/Imagine",
                "reference": "v0.4.1"
            },
            "dist": {
                "type": "zip",
                "url": "https://github.com/avalanche123/Imagine/archive/v0.4.1.zip",
                "reference": "v0.4.1",
                "shasum": ""
            },
            "require": {
                "php": ">=5.3.2"
            },
            "require-dev": {
                "sami/sami": "dev-master"
            },
            "time": "2012-12-13 18:31:18",
            "type": "library",
            "autoload": {
                "psr-0": {
                    "Imagine": "lib/"
                }
            },
            "notification-url": "https://packagist.org/downloads/",
            "license": [
                "MIT"
            ],
            "authors": [
                {
                    "name": "Bulat Shakirzyanov",
                    "email": "mallluhuct@gmail.com",
                    "homepage": "http://avalanche123.com"
                }
            ],
            "description": "Image processing for PHP 5.3",
            "homepage": "http://imagine.readthedocs.org/",
            "keywords": [
                "image manipulation",
                "image processing",
                "drawing",
                "graphics"
            ]
        }
    ],
    "packages-dev": null,
    "aliases": [

    ],
    "minimum-stability": "stable",
    "stability-flags": [

    ]
}
